
Microsoft Visual Studio Solution File, Format Version 12.00
# Visual Studio Version 16
VisualStudioVersion = 16.0.30204.135
MinimumVisualStudioVersion = 10.0.40219.1
Project("{FAE04EC0-301F-11D3-BF4B-00C04F79EFBC}") = "Classsok", "Classsok\Classsok.csproj", "{5632C022-15E8-4455-9A85-1ABF91903D60}"
EndProject
Global
	GlobalSection(SolutionConfigurationPlatforms) = preSolution
		Debug|Any CPU = Debug|Any CPU
		Release|Any CPU = Release|Any CPU
	EndGlobalSection
	GlobalSection(ProjectConfigurationPlatforms) = postSolution
		{5632C022-15E8-4455-9A85-1ABF91903D60}.Debug|Any CPU.ActiveCfg = Debug|Any CPU
		{5632C022-15E8-4455-9A85-1ABF91903D60}.Debug|Any CPU.Build.0 = Debug|Any CPU
		{5632C022-15E8-4455-9A85-1ABF91903D60}.Release|Any CPU.ActiveCfg = Release|Any CPU
		{5632C022-15E8-4455-9A85-1ABF91903D60}.Release|Any CPU.Build.0 = Release|Any CPU
	EndGlobalSection
	GlobalSection(SolutionProperties) = preSolution
		HideSolutionNode = FALSE
	EndGlobalSection
	GlobalSection(ExtensibilityGlobals) = postSolution
		SolutionGuid = {68E28393-BAE3-40D1-A390-E0D6B948E356}
	EndGlobalSection
EndGlobal
